
Microsoft Visual Studio Solution File, Format Version 12.00
# Visual Studio Version 17
VisualStudioVersion = 17.9.34616.47
MinimumVisualStudioVersion = 10.0.40219.1
Project("{FAE04EC0-301F-11D3-BF4B-00C04F79EFBC}") = "Hwid Spoofer", "Simple Hwid Spoofer\Hwid Spoofer.csproj", "{72E19EBA-79B9-4195-9077-ED50E9A8F182}"
EndProject
Global
	GlobalSection(SolutionConfigurationPlatforms) = preSolution
		Debug|Any CPU = Debug|Any CPU
		Release|Any CPU = Release|Any CPU
	EndGlobalSection
	GlobalSection(ProjectConfigurationPlatforms) = postSolution
		{72E19EBA-79B9-4195-9077-ED50E9A8F182}.Debug|Any CPU.ActiveCfg = Debug|Any CPU
		{72E19EBA-79B9-4195-9077-ED50E9A8F182}.Debug|Any CPU.Build.0 = Debug|Any CPU
		{72E19EBA-79B9-4195-9077-ED50E9A8F182}.Release|Any CPU.ActiveCfg = Release|Any CPU
		{72E19EBA-79B9-4195-9077-ED50E9A8F182}.Release|Any CPU.Build.0 = Release|Any CPU
	EndGlobalSection
	GlobalSection(SolutionProperties) = preSolution
		HideSolutionNode = FALSE
	EndGlobalSection
	GlobalSection(ExtensibilityGlobals) = postSolution
		SolutionGuid = {55D4D6A2-EB94-48DA-972D-794628F74BA9}
	EndGlobalSection
EndGlobal
